// !$*UTF8*$!
{
	archiveVersion = 1;
	classes = {
	};
	objectVersion = 56;
	objects = {

/* Begin PBXBuildFile section */
		BF52178D2CE14AF900744E30 /* Caller.swift in Sources */ = {isa = PBXBuildFile; fileRef = BF52178C2CE14AF900744E30 /* Caller.swift */; };
		BF52178F2CE14F9400744E30 /* Config.xcconfig in Resources */ = {isa = PBXBuildFile; fileRef = BF52178E2CE14F9400744E30 /* Config.xcconfig */; };
		BFABEA132CDC20460091BE0E /* AppDelegate.swift in Sources */ = {isa = PBXBuildFile; fileRef = BFABEA122CDC20460091BE0E /* AppDelegate.swift */; };
		BFABEA152CDC20460091BE0E /* SceneDelegate.swift in Sources */ = {isa = PBXBuildFile; fileRef = BFABEA142CDC20460091BE0E /* SceneDelegate.swift */; };
		BFABEA172CDC20460091BE0E /* ViewController.swift in Sources */ = {isa = PBXBuildFile; fileRef = BFABEA162CDC20460091BE0E /* ViewController.swift */; };
		BFABEA1A2CDC20460091BE0E /* Base in Resources */ = {isa = PBXBuildFile; fileRef = BFABEA192CDC20460091BE0E /* Base */; };
		BFABEA1C2CDC20480091BE0E /* Assets.xcassets in Resources */ = {isa = PBXBuildFile; fileRef = BFABEA1B2CDC20480091BE0E /* Assets.xcassets */; };
		BFABEA1F2CDC20480091BE0E /* Base in Resources */ = {isa = PBXBuildFile; fileRef = BFABEA1E2CDC20480091BE0E /* Base */; };
		F7A421F72CE3D75100F3B067 /* BuildOutfitVC.swift in Sources */ = {isa = PBXBuildFile; fileRef = F7A421F62CE3D75100F3B067 /* BuildOutfitVC.swift */; };
		F7A421F92CE444C500F3B067 /* ClosetViewController.swift in Sources */ = {isa = PBXBuildFile; fileRef = F7A421F82CE444C500F3B067 /* ClosetViewController.swift */; };
		F7A421FB2CE4450400F3B067 /* ImageCollectionViewCell.swift in Sources */ = {isa = PBXBuildFile; fileRef = F7A421FA2CE4450400F3B067 /* ImageCollectionViewCell.swift */; };
		F7BBCA7B2CFD0FA90045A2E4 /* SaveOutfits.swift in Sources */ = {isa = PBXBuildFile; fileRef = F7BBCA7A2CFD0FA90045A2E4 /* SaveOutfits.swift */; };
		F7BBCA7D2CFD19F60045A2E4 /* SaveOutfitsCell.swift in Sources */ = {isa = PBXBuildFile; fileRef = F7BBCA7C2CFD19F60045A2E4 /* SaveOutfitsCell.swift */; };
		F7BBCA7F2CFD4F000045A2E4 /* OutfitDetailViewController.swift in Sources */ = {isa = PBXBuildFile; fileRef = F7BBCA7E2CFD4F000045A2E4 /* OutfitDetailViewController.swift */; };
		F7DECD7D2CE2DF99003AEDF9 /* ClothingData.swift in Sources */ = {isa = PBXBuildFile; fileRef = F7DECD7C2CE2DF99003AEDF9 /* ClothingData.swift */; };
		F7DECD872CE32643003AEDF9 /* ClothingCell.swift in Sources */ = {isa = PBXBuildFile; fileRef = F7DECD862CE32643003AEDF9 /* ClothingCell.swift */; };
/* End PBXBuildFile section */

/* Begin PBXFileReference section */
		BF52178C2CE14AF900744E30 /* Caller.swift */ = {isa = PBXFileReference; lastKnownFileType = sourcecode.swift; path = Caller.swift; sourceTree = "<group>"; };
		BF52178E2CE14F9400744E30 /* Config.xcconfig */ = {isa = PBXFileReference; lastKnownFileType = text.xcconfig; path = Config.xcconfig; sourceTree = "<group>"; };
		BFABEA0F2CDC20460091BE0E /* MirrorMirror.app */ = {isa = PBXFileReference; explicitFileType = wrapper.application; includeInIndex = 0; path = MirrorMirror.app; sourceTree = BUILT_PRODUCTS_DIR; };
		BFABEA122CDC20460091BE0E /* AppDelegate.swift */ = {isa = PBXFileReference; lastKnownFileType = sourcecode.swift; path = AppDelegate.swift; sourceTree = "<group>"; };
		BFABEA142CDC20460091BE0E /* SceneDelegate.swift */ = {isa = PBXFileReference; lastKnownFileType = sourcecode.swift; path = SceneDelegate.swift; sourceTree = "<group>"; };
		BFABEA162CDC20460091BE0E /* ViewController.swift */ = {isa = PBXFileReference; lastKnownFileType = sourcecode.swift; path = ViewController.swift; sourceTree = "<group>"; };
		BFABEA192CDC20460091BE0E /* Base */ = {isa = PBXFileReference; lastKnownFileType = file.storyboard; name = Base; path = Base.lproj/Main.storyboard; sourceTree = "<group>"; };
		BFABEA1B2CDC20480091BE0E /* Assets.xcassets */ = {isa = PBXFileReference; lastKnownFileType = folder.assetcatalog; path = Assets.xcassets; sourceTree = "<group>"; };
		BFABEA1E2CDC20480091BE0E /* Base */ = {isa = PBXFileReference; lastKnownFileType = file.storyboard; name = Base; path = Base.lproj/LaunchScreen.storyboard; sourceTree = "<group>"; };
		BFABEA202CDC20480091BE0E /* Info.plist */ = {isa = PBXFileReference; lastKnownFileType = text.plist.xml; path = Info.plist; sourceTree = "<group>"; };
		F7A421F62CE3D75100F3B067 /* BuildOutfitVC.swift */ = {isa = PBXFileReference; lastKnownFileType = sourcecode.swift; path = BuildOutfitVC.swift; sourceTree = "<group>"; };
		F7A421F82CE444C500F3B067 /* ClosetViewController.swift */ = {isa = PBXFileReference; lastKnownFileType = sourcecode.swift; path = ClosetViewController.swift; sourceTree = "<group>"; };
		F7A421FA2CE4450400F3B067 /* ImageCollectionViewCell.swift */ = {isa = PBXFileReference; lastKnownFileType = sourcecode.swift; path = ImageCollectionViewCell.swift; sourceTree = "<group>"; };
		F7BBCA7A2CFD0FA90045A2E4 /* SaveOutfits.swift */ = {isa = PBXFileReference; lastKnownFileType = sourcecode.swift; path = SaveOutfits.swift; sourceTree = "<group>"; };
		F7BBCA7C2CFD19F60045A2E4 /* SaveOutfitsCell.swift */ = {isa = PBXFileReference; lastKnownFileType = sourcecode.swift; path = SaveOutfitsCell.swift; sourceTree = "<group>"; };
		F7BBCA7E2CFD4F000045A2E4 /* OutfitDetailViewController.swift */ = {isa = PBXFileReference; lastKnownFileType = sourcecode.swift; path = OutfitDetailViewController.swift; sourceTree = "<group>"; };
		F7DECD7C2CE2DF99003AEDF9 /* ClothingData.swift */ = {isa = PBXFileReference; lastKnownFileType = sourcecode.swift; path = ClothingData.swift; sourceTree = "<group>"; };
		F7DECD862CE32643003AEDF9 /* ClothingCell.swift */ = {isa = PBXFileReference; lastKnownFileType = sourcecode.swift; path = ClothingCell.swift; sourceTree = "<group>"; };
/* End PBXFileReference section */

/* Begin PBXFrameworksBuildPhase section */
		BFABEA0C2CDC20460091BE0E /* Frameworks */ = {
			isa = PBXFrameworksBuildPhase;
			buildActionMask = 2147483647;
			files = (
			);
			runOnlyForDeploymentPostprocessing = 0;
		};
/* End PBXFrameworksBuildPhase section */

/* Begin PBXGroup section */
		BFABEA062CDC20460091BE0E = {
			isa = PBXGroup;
			children = (
				BFABEA112CDC20460091BE0E /* MirrorMirror */,
				BFABEA102CDC20460091BE0E /* Products */,
			);
			sourceTree = "<group>";
		};
		BFABEA102CDC20460091BE0E /* Products */ = {
			isa = PBXGroup;
			children = (
				BFABEA0F2CDC20460091BE0E /* MirrorMirror.app */,
			);
			name = Products;
			sourceTree = "<group>";
		};
		BFABEA112CDC20460091BE0E /* MirrorMirror */ = {
			isa = PBXGroup;
			children = (
				BFABEA122CDC20460091BE0E /* AppDelegate.swift */,
				BFABEA142CDC20460091BE0E /* SceneDelegate.swift */,
				BF52178C2CE14AF900744E30 /* Caller.swift */,
				BF52178E2CE14F9400744E30 /* Config.xcconfig */,
				BFABEA162CDC20460091BE0E /* ViewController.swift */,
				BFABEA182CDC20460091BE0E /* Main.storyboard */,
				F7BBCA7E2CFD4F000045A2E4 /* OutfitDetailViewController.swift */,
				BFABEA1B2CDC20480091BE0E /* Assets.xcassets */,
				BFABEA1D2CDC20480091BE0E /* LaunchScreen.storyboard */,
				BFABEA202CDC20480091BE0E /* Info.plist */,
				F7DECD7C2CE2DF99003AEDF9 /* ClothingData.swift */,
				F7DECD862CE32643003AEDF9 /* ClothingCell.swift */,
				F7A421F62CE3D75100F3B067 /* BuildOutfitVC.swift */,
				F7A421F82CE444C500F3B067 /* ClosetViewController.swift */,
				F7A421FA2CE4450400F3B067 /* ImageCollectionViewCell.swift */,
				F7BBCA7A2CFD0FA90045A2E4 /* SaveOutfits.swift */,
				F7BBCA7C2CFD19F60045A2E4 /* SaveOutfitsCell.swift */,
			);
			path = MirrorMirror;
			sourceTree = "<group>";
		};
/* End PBXGroup section */

/* Begin PBXNativeTarget section */
		BFABEA0E2CDC20460091BE0E /* MirrorMirror */ = {
			isa = PBXNativeTarget;
			buildConfigurationList = BFABEA232CDC20480091BE0E /* Build configuration list for PBXNativeTarget "MirrorMirror" */;
			buildPhases = (
				BFABEA0B2CDC20460091BE0E /* Sources */,
				BFABEA0C2CDC20460091BE0E /* Frameworks */,
				BFABEA0D2CDC20460091BE0E /* Resources */,
			);
			buildRules = (
			);
			dependencies = (
			);
			name = MirrorMirror;
			productName = MirrorMirror;
			productReference = BFABEA0F2CDC20460091BE0E /* MirrorMirror.app */;
			productType = "com.apple.product-type.application";
		};
/* End PBXNativeTarget section */

/* Begin PBXProject section */
		BFABEA072CDC20460091BE0E /* Project object */ = {
			isa = PBXProject;
			attributes = {
				BuildIndependentTargetsInParallel = 1;
				LastSwiftUpdateCheck = 1540;
				LastUpgradeCheck = 1540;
				TargetAttributes = {
					BFABEA0E2CDC20460091BE0E = {
						CreatedOnToolsVersion = 15.4;
					};
				};
			};
			buildConfigurationList = BFABEA0A2CDC20460091BE0E /* Build configuration list for PBXProject "MirrorMirror" */;
			compatibilityVersion = "Xcode 14.0";
			developmentRegion = en;
			hasScannedForEncodings = 0;
			knownRegions = (
				en,
				Base,
			);
			mainGroup = BFABEA062CDC20460091BE0E;
			productRefGroup = BFABEA102CDC20460091BE0E /* Products */;
			projectDirPath = "";
			projectRoot = "";
			targets = (
				BFABEA0E2CDC20460091BE0E /* MirrorMirror */,
			);
		};
/* End PBXProject section */

/* Begin PBXResourcesBuildPhase section */
		BFABEA0D2CDC20460091BE0E /* Resources */ = {
			isa = PBXResourcesBuildPhase;
			buildActionMask = 2147483647;
			files = (
				BF52178F2CE14F9400744E30 /* Config.xcconfig in Resources */,
				BFABEA1C2CDC20480091BE0E /* Assets.xcassets in Resources */,
				BFABEA1F2CDC20480091BE0E /* Base in Resources */,
				BFABEA1A2CDC20460091BE0E /* Base in Resources */,
			);
			runOnlyForDeploymentPostprocessing = 0;
		};
/* End PBXResourcesBuildPhase section */

/* Begin PBXSourcesBuildPhase section */
		BFABEA0B2CDC20460091BE0E /* Sources */ = {
			isa = PBXSourcesBuildPhase;
			buildActionMask = 2147483647;
			files = (
				F7BBCA7F2CFD4F000045A2E4 /* OutfitDetailViewController.swift in Sources */,
				F7A421F72CE3D75100F3B067 /* BuildOutfitVC.swift in Sources */,
				F7A421FB2CE4450400F3B067 /* ImageCollectionViewCell.swift in Sources */,
				BFABEA172CDC20460091BE0E /* ViewController.swift in Sources */,
				BFABEA132CDC20460091BE0E /* AppDelegate.swift in Sources */,
				BF52178D2CE14AF900744E30 /* Caller.swift in Sources */,
				F7DECD872CE32643003AEDF9 /* ClothingCell.swift in Sources */,
				F7A421F92CE444C500F3B067 /* ClosetViewController.swift in Sources */,
				F7BBCA7B2CFD0FA90045A2E4 /* SaveOutfits.swift in Sources */,
				F7BBCA7D2CFD19F60045A2E4 /* SaveOutfitsCell.swift in Sources */,
				BFABEA152CDC20460091BE0E /* SceneDelegate.swift in Sources */,
				F7DECD7D2CE2DF99003AEDF9 /* ClothingData.swift in Sources */,
			);
			runOnlyForDeploymentPostprocessing = 0;
		};
/* End PBXSourcesBuildPhase section */

/* Begin PBXVariantGroup section */
		BFABEA182CDC20460091BE0E /* Main.storyboard */ = {
			isa = PBXVariantGroup;
			children = (
				BFABEA192CDC20460091BE0E /* Base */,
			);
			name = Main.storyboard;
			sourceTree = "<group>";
		};
		BFABEA1D2CDC20480091BE0E /* LaunchScreen.storyboard */ = {
			isa = PBXVariantGroup;
			children = (
				BFABEA1E2CDC20480091BE0E /* Base */,
			);
			name = LaunchScreen.storyboard;
			sourceTree = "<group>";
		};
/* End PBXVariantGroup section */

/* Begin XCBuildConfiguration section */
		BFABEA212CDC20480091BE0E /* Debug */ = {
			isa = XCBuildConfiguration;
			buildSettings = {
				ALWAYS_SEARCH_USER_PATHS = NO;
				ASSETCATALOG_COMPILER_GENERATE_SWIFT_ASSET_SYMBOL_EXTENSIONS = YES;
				CLANG_ANALYZER_NONNULL = YES;
				CLANG_ANALYZER_NUMBER_OBJECT_CONVERSION = YES_AGGRESSIVE;
				CLANG_CXX_LANGUAGE_STANDARD = "gnu++20";
				CLANG_ENABLE_MODULES = YES;
				CLANG_ENABLE_OBJC_ARC = YES;
				CLANG_ENABLE_OBJC_WEAK = YES;
				CLANG_WARN_BLOCK_CAPTURE_AUTORELEASING = YES;
				CLANG_WARN_BOOL_CONVERSION = YES;
				CLANG_WARN_COMMA = YES;
				CLANG_WARN_CONSTANT_CONVERSION = YES;
				CLANG_WARN_DEPRECATED_OBJC_IMPLEMENTATIONS = YES;
				CLANG_WARN_DIRECT_OBJC_ISA_USAGE = YES_ERROR;
				CLANG_WARN_DOCUMENTATION_COMMENTS = YES;
				CLANG_WARN_EMPTY_BODY = YES;
				CLANG_WARN_ENUM_CONVERSION = YES;
				CLANG_WARN_INFINITE_RECURSION = YES;
				CLANG_WARN_INT_CONVERSION = YES;
				CLANG_WARN_NON_LITERAL_NULL_CONVERSION = YES;
				CLANG_WARN_OBJC_IMPLICIT_RETAIN_SELF = YES;
				CLANG_WARN_OBJC_LITERAL_CONVERSION = YES;
				CLANG_WARN_OBJC_ROOT_CLASS = YES_ERROR;
				CLANG_WARN_QUOTED_INCLUDE_IN_FRAMEWORK_HEADER = YES;
				CLANG_WARN_RANGE_LOOP_ANALYSIS = YES;
				CLANG_WARN_STRICT_PROTOTYPES = YES;
				CLANG_WARN_SUSPICIOUS_MOVE = YES;
				CLANG_WARN_UNGUARDED_AVAILABILITY = YES_AGGRESSIVE;
				CLANG_WARN_UNREACHABLE_CODE = YES;
				CLANG_WARN__DUPLICATE_METHOD_MATCH = YES;
				COPY_PHASE_STRIP = NO;
				DEBUG_INFORMATION_FORMAT = dwarf;
				ENABLE_STRICT_OBJC_MSGSEND = YES;
				ENABLE_TESTABILITY = YES;
				ENABLE_USER_SCRIPT_SANDBOXING = YES;
				GCC_C_LANGUAGE_STANDARD = gnu17;
				GCC_DYNAMIC_NO_PIC = NO;
				GCC_NO_COMMON_BLOCKS = YES;
				GCC_OPTIMIZATION_LEVEL = 0;
				GCC_PREPROCESSOR_DEFINITIONS = (
					"DEBUG=1",
					"$(inherited)",
				);
				GCC_WARN_64_TO_32_BIT_CONVERSION = YES;
				GCC_WARN_ABOUT_RETURN_TYPE = YES_ERROR;
				GCC_WARN_UNDECLARED_SELECTOR = YES;
				GCC_WARN_UNINITIALIZED_AUTOS = YES_AGGRESSIVE;
				GCC_WARN_UNUSED_FUNCTION = YES;
				GCC_WARN_UNUSED_VARIABLE = YES;
				IPHONEOS_DEPLOYMENT_TARGET = 17.5;
				LOCALIZATION_PREFERS_STRING_CATALOGS = YES;
				MTL_ENABLE_DEBUG_INFO = INCLUDE_SOURCE;
				MTL_FAST_MATH = YES;
				ONLY_ACTIVE_ARCH = YES;
				SDKROOT = iphoneos;
				SWIFT_ACTIVE_COMPILATION_CONDITIONS = "DEBUG $(inherited)";
				SWIFT_OPTIMIZATION_LEVEL = "-Onone";
			};
			name = Debug;
		};
		BFABEA222CDC20480091BE0E /* Release */ = {
			isa = XCBuildConfiguration;
			buildSettings = {
				ALWAYS_SEARCH_USER_PATHS = NO;
				ASSETCATALOG_COMPILER_GENERATE_SWIFT_ASSET_SYMBOL_EXTENSIONS = YES;
				CLANG_ANALYZER_NONNULL = YES;
				CLANG_ANALYZER_NUMBER_OBJECT_CONVERSION = YES_AGGRESSIVE;
				CLANG_CXX_LANGUAGE_STANDARD = "gnu++20";
				CLANG_ENABLE_MODULES = YES;
				CLANG_ENABLE_OBJC_ARC = YES;
				CLANG_ENABLE_OBJC_WEAK = YES;
				CLANG_WARN_BLOCK_CAPTURE_AUTORELEASING = YES;
				CLANG_WARN_BOOL_CONVERSION = YES;
				CLANG_WARN_COMMA = YES;
				CLANG_WARN_CONSTANT_CONVERSION = YES;
				CLANG_WARN_DEPRECATED_OBJC_IMPLEMENTATIONS = YES;
				CLANG_WARN_DIRECT_OBJC_ISA_USAGE = YES_ERROR;
				CLANG_WARN_DOCUMENTATION_COMMENTS = YES;
				CLANG_WARN_EMPTY_BODY = YES;
				CLANG_WARN_ENUM_CONVERSION = YES;
				CLANG_WARN_INFINITE_RECURSION = YES;
				CLANG_WARN_INT_CONVERSION = YES;
				CLANG_WARN_NON_LITERAL_NULL_CONVERSION = YES;
				CLANG_WARN_OBJC_IMPLICIT_RETAIN_SELF = YES;
				CLANG_WARN_OBJC_LITERAL_CONVERSION = YES;
				CLANG_WARN_OBJC_ROOT_CLASS = YES_ERROR;
				CLANG_WARN_QUOTED_INCLUDE_IN_FRAMEWORK_HEADER = YES;
				CLANG_WARN_RANGE_LOOP_ANALYSIS = YES;
				CLANG_WARN_STRICT_PROTOTYPES = YES;
				CLANG_WARN_SUSPICIOUS_MOVE = YES;
				CLANG_WARN_UNGUARDED_AVAILABILITY = YES_AGGRESSIVE;
				CLANG_WARN_UNREACHABLE_CODE = YES;
				CLANG_WARN__DUPLICATE_METHOD_MATCH = YES;
				COPY_PHASE_STRIP = NO;
				DEBUG_INFORMATION_FORMAT = "dwarf-with-dsym";
				ENABLE_NS_ASSERTIONS = NO;
				ENABLE_STRICT_OBJC_MSGSEND = YES;
				ENABLE_USER_SCRIPT_SANDBOXING = YES;
				GCC_C_LANGUAGE_STANDARD = gnu17;
				GCC_NO_COMMON_BLOCKS = YES;
				GCC_WARN_64_TO_32_BIT_CONVERSION = YES;
				GCC_WARN_ABOUT_RETURN_TYPE = YES_ERROR;
				GCC_WARN_UNDECLARED_SELECTOR = YES;
				GCC_WARN_UNINITIALIZED_AUTOS = YES_AGGRESSIVE;
				GCC_WARN_UNUSED_FUNCTION = YES;
				GCC_WARN_UNUSED_VARIABLE = YES;
				IPHONEOS_DEPLOYMENT_TARGET = 17.5;
				LOCALIZATION_PREFERS_STRING_CATALOGS = YES;
				MTL_ENABLE_DEBUG_INFO = NO;
				MTL_FAST_MATH = YES;
				SDKROOT = iphoneos;
				SWIFT_COMPILATION_MODE = wholemodule;
				VALIDATE_PRODUCT = YES;
			};
			name = Release;
		};
		BFABEA242CDC20480091BE0E /* Debug */ = {
			isa = XCBuildConfiguration;
			buildSettings = {
				ASSETCATALOG_COMPILER_APPICON_NAME = AppIcon;
				ASSETCATALOG_COMPILER_GLOBAL_ACCENT_COLOR_NAME = AccentColor;
				CODE_SIGN_STYLE = Automatic;
				CURRENT_PROJECT_VERSION = 1;
				GENERATE_INFOPLIST_FILE = YES;
				INFOPLIST_FILE = MirrorMirror/Info.plist;
				INFOPLIST_KEY_UIApplicationSupportsIndirectInputEvents = YES;
				INFOPLIST_KEY_UILaunchStoryboardName = LaunchScreen;
				INFOPLIST_KEY_UIMainStoryboardFile = Main;
				INFOPLIST_KEY_UISupportedInterfaceOrientations_iPad = "UIInterfaceOrientationPortrait UIInterfaceOrientationPortraitUpsideDown UIInterfaceOrientationLandscapeLeft UIInterfaceOrientationLandscapeRight";
				INFOPLIST_KEY_UISupportedInterfaceOrientations_iPhone = "UIInterfaceOrientationPortrait UIInterfaceOrientationLandscapeLeft UIInterfaceOrientationLandscapeRight";
				LD_RUNPATH_SEARCH_PATHS = (
					"$(inherited)",
					"@executable_path/Frameworks",
				);
				MARKETING_VERSION = 1.0;
				PRODUCT_BUNDLE_IDENTIFIER = barbINC.MirrorMirror;
				PRODUCT_NAME = "$(TARGET_NAME)";
				SWIFT_EMIT_LOC_STRINGS = YES;
				SWIFT_VERSION = 5.0;
				TARGETED_DEVICE_FAMILY = "1,2";
			};
			name = Debug;
		};
		BFABEA252CDC20480091BE0E /* Release */ = {
			isa = XCBuildConfiguration;
			buildSettings = {
				ASSETCATALOG_COMPILER_APPICON_NAME = AppIcon;
				ASSETCATALOG_COMPILER_GLOBAL_ACCENT_COLOR_NAME = AccentColor;
				CODE_SIGN_STYLE = Automatic;
				CURRENT_PROJECT_VERSION = 1;
				GENERATE_INFOPLIST_FILE = YES;
				INFOPLIST_FILE = MirrorMirror/Info.plist;
				INFOPLIST_KEY_UIApplicationSupportsIndirectInputEvents = YES;
				INFOPLIST_KEY_UILaunchStoryboardName = LaunchScreen;
				INFOPLIST_KEY_UIMainStoryboardFile = Main;
				INFOPLIST_KEY_UISupportedInterfaceOrientations_iPad = "UIInterfaceOrientationPortrait UIInterfaceOrientationPortraitUpsideDown UIInterfaceOrientationLandscapeLeft UIInterfaceOrientationLandscapeRight";
				INFOPLIST_KEY_UISupportedInterfaceOrientations_iPhone = "UIInterfaceOrientationPortrait UIInterfaceOrientationLandscapeLeft UIInterfaceOrientationLandscapeRight";
				LD_RUNPATH_SEARCH_PATHS = (
					"$(inherited)",
					"@executable_path/Frameworks",
				);
				MARKETING_VERSION = 1.0;
				PRODUCT_BUNDLE_IDENTIFIER = barbINC.MirrorMirror;
				PRODUCT_NAME = "$(TARGET_NAME)";
				SWIFT_EMIT_LOC_STRINGS = YES;
				SWIFT_VERSION = 5.0;
				TARGETED_DEVICE_FAMILY = "1,2";
			};
			name = Release;
		};
/* End XCBuildConfiguration section */

/* Begin XCConfigurationList section */
		BFABEA0A2CDC20460091BE0E /* Build configuration list for PBXProject "MirrorMirror" */ = {
			isa = XCConfigurationList;
			buildConfigurations = (
				BFABEA212CDC20480091BE0E /* Debug */,
				BFABEA222CDC20480091BE0E /* Release */,
			);
			defaultConfigurationIsVisible = 0;
			defaultConfigurationName = Release;
		};
		BFABEA232CDC20480091BE0E /* Build configuration list for PBXNativeTarget "MirrorMirror" */ = {
			isa = XCConfigurationList;
			buildConfigurations = (
				BFABEA242CDC20480091BE0E /* Debug */,
				BFABEA252CDC20480091BE0E /* Release */,
			);
			defaultConfigurationIsVisible = 0;
			defaultConfigurationName = Release;
		};
/* End XCConfigurationList section */
	};
	rootObject = BFABEA072CDC20460091BE0E /* Project object */;
}
